
Microsoft Visual Studio Solution File, Format Version 12.00
# Visual Studio Version 16
VisualStudioVersion = 16.0.31702.278
MinimumVisualStudioVersion = 10.0.40219.1
Project("{FAE04EC0-301F-11D3-BF4B-00C04F79EFBC}") = "SlipNTrip.Android", "SlipNTrip\SlipNTrip.Android\SlipNTrip.Android.csproj", "{AC326219-A62A-4C42-971B-B4C98DB714A3}"
EndProject
Project("{FAE04EC0-301F-11D3-BF4B-00C04F79EFBC}") = "SlipNTrip.iOS", "SlipNTrip\SlipNTrip.iOS\SlipNTrip.iOS.csproj", "{2DDB0B51-3953-447D-8149-ADBE6B0522D3}"
EndProject
Project("{FAE04EC0-301F-11D3-BF4B-00C04F79EFBC}") = "SlipNTrip", "SlipNTrip\SlipNTrip\SlipNTrip.csproj", "{989929AB-97A2-468A-A826-578D68604EE5}"
EndProject
Global
	GlobalSection(SolutionConfigurationPlatforms) = preSolution
		Debug|Any CPU = Debug|Any CPU
		Debug|iPhone = Debug|iPhone
		Debug|iPhoneSimulator = Debug|iPhoneSimulator
		Release|Any CPU = Release|Any CPU
		Release|iPhone = Release|iPhone
		Release|iPhoneSimulator = Release|iPhoneSimulator
	EndGlobalSection
	GlobalSection(ProjectConfigurationPlatforms) = postSolution
		{AC326219-A62A-4C42-971B-B4C98DB714A3}.Debug|Any CPU.ActiveCfg = Debug|Any CPU
		{AC326219-A62A-4C42-971B-B4C98DB714A3}.Debug|Any CPU.Build.0 = Debug|Any CPU
		{AC326219-A62A-4C42-971B-B4C98DB714A3}.Debug|Any CPU.Deploy.0 = Debug|Any CPU
		{AC326219-A62A-4C42-971B-B4C98DB714A3}.Debug|iPhone.ActiveCfg = Debug|Any CPU
		{AC326219-A62A-4C42-971B-B4C98DB714A3}.Debug|iPhone.Build.0 = Debug|Any CPU
		{AC326219-A62A-4C42-971B-B4C98DB714A3}.Debug|iPhone.Deploy.0 = Debug|Any CPU
		{AC326219-A62A-4C42-971B-B4C98DB714A3}.Debug|iPhoneSimulator.ActiveCfg = Debug|Any CPU
		{AC326219-A62A-4C42-971B-B4C98DB714A3}.Debug|iPhoneSimulator.Build.0 = Debug|Any CPU
		{AC326219-A62A-4C42-971B-B4C98DB714A3}.Debug|iPhoneSimulator.Deploy.0 = Debug|Any CPU
		{AC326219-A62A-4C42-971B-B4C98DB714A3}.Release|Any CPU.ActiveCfg = Release|Any CPU
		{AC326219-A62A-4C42-971B-B4C98DB714A3}.Release|Any CPU.Build.0 = Release|Any CPU
		{AC326219-A62A-4C42-971B-B4C98DB714A3}.Release|Any CPU.Deploy.0 = Release|Any CPU
		{AC326219-A62A-4C42-971B-B4C98DB714A3}.Release|iPhone.ActiveCfg = Release|Any CPU
		{AC326219-A62A-4C42-971B-B4C98DB714A3}.Release|iPhone.Build.0 = Release|Any CPU
		{AC326219-A62A-4C42-971B-B4C98DB714A3}.Release|iPhone.Deploy.0 = Release|Any CPU
		{AC326219-A62A-4C42-971B-B4C98DB714A3}.Release|iPhoneSimulator.ActiveCfg = Release|Any CPU
		{AC326219-A62A-4C42-971B-B4C98DB714A3}.Release|iPhoneSimulator.Build.0 = Release|Any CPU
		{AC326219-A62A-4C42-971B-B4C98DB714A3}.Release|iPhoneSimulator.Deploy.0 = Release|Any CPU
		{2DDB0B51-3953-447D-8149-ADBE6B0522D3}.Debug|Any CPU.ActiveCfg = Debug|iPhone
		{2DDB0B51-3953-447D-8149-ADBE6B0522D3}.Debug|Any CPU.Build.0 = Debug|iPhone
		{2DDB0B51-3953-447D-8149-ADBE6B0522D3}.Debug|Any CPU.Deploy.0 = Debug|iPhone
		{2DDB0B51-3953-447D-8149-ADBE6B0522D3}.Debug|iPhone.ActiveCfg = Debug|iPhone
		{2DDB0B51-3953-447D-8149-ADBE6B0522D3}.Debug|iPhone.Build.0 = Debug|iPhone
		{2DDB0B51-3953-447D-8149-ADBE6B0522D3}.Debug|iPhone.Deploy.0 = Debug|iPhone
		{2DDB0B51-3953-447D-8149-ADBE6B0522D3}.Debug|iPhoneSimulator.ActiveCfg = Debug|iPhoneSimulator
		{2DDB0B51-3953-447D-8149-ADBE6B0522D3}.Debug|iPhoneSimulator.Build.0 = Debug|iPhoneSimulator
		{2DDB0B51-3953-447D-8149-ADBE6B0522D3}.Debug|iPhoneSimulator.Deploy.0 = Debug|iPhoneSimulator
		{2DDB0B51-3953-447D-8149-ADBE6B0522D3}.Release|Any CPU.ActiveCfg = Release|iPhoneSimulator
		{2DDB0B51-3953-447D-8149-ADBE6B0522D3}.Release|Any CPU.Build.0 = Release|iPhoneSimulator
		{2DDB0B51-3953-447D-8149-ADBE6B0522D3}.Release|Any CPU.Deploy.0 = Release|iPhoneSimulator
		{2DDB0B51-3953-447D-8149-ADBE6B0522D3}.Release|iPhone.ActiveCfg = Release|iPhone
		{2DDB0B51-3953-447D-8149-ADBE6B0522D3}.Release|iPhone.Build.0 = Release|iPhone
		{2DDB0B51-3953-447D-8149-ADBE6B0522D3}.Release|iPhone.Deploy.0 = Release|iPhone
		{2DDB0B51-3953-447D-8149-ADBE6B0522D3}.Release|iPhoneSimulator.ActiveCfg = Release|iPhoneSimulator
		{2DDB0B51-3953-447D-8149-ADBE6B0522D3}.Release|iPhoneSimulator.Build.0 = Release|iPhoneSimulator
		{2DDB0B51-3953-447D-8149-ADBE6B0522D3}.Release|iPhoneSimulator.Deploy.0 = Release|iPhoneSimulator
		{989929AB-97A2-468A-A826-578D68604EE5}.Debug|Any CPU.ActiveCfg = Debug|Any CPU
		{989929AB-97A2-468A-A826-578D68604EE5}.Debug|Any CPU.Build.0 = Debug|Any CPU
		{989929AB-97A2-468A-A826-578D68604EE5}.Debug|Any CPU.Deploy.0 = Debug|Any CPU
		{989929AB-97A2-468A-A826-578D68604EE5}.Debug|iPhone.ActiveCfg = Debug|Any CPU
		{989929AB-97A2-468A-A826-578D68604EE5}.Debug|iPhone.Build.0 = Debug|Any CPU
		{989929AB-97A2-468A-A826-578D68604EE5}.Debug|iPhone.Deploy.0 = Debug|Any CPU
		{989929AB-97A2-468A-A826-578D68604EE5}.Debug|iPhoneSimulator.ActiveCfg = Debug|Any CPU
		{989929AB-97A2-468A-A826-578D68604EE5}.Debug|iPhoneSimulator.Build.0 = Debug|Any CPU
		{989929AB-97A2-468A-A826-578D68604EE5}.Debug|iPhoneSimulator.Deploy.0 = Debug|Any CPU
		{989929AB-97A2-468A-A826-578D68604EE5}.Release|Any CPU.ActiveCfg = Release|Any CPU
		{989929AB-97A2-468A-A826-578D68604EE5}.Release|Any CPU.Build.0 = Release|Any CPU
		{989929AB-97A2-468A-A826-578D68604EE5}.Release|Any CPU.Deploy.0 = Release|Any CPU
		{989929AB-97A2-468A-A826-578D68604EE5}.Release|iPhone.ActiveCfg = Release|Any CPU
		{989929AB-97A2-468A-A826-578D68604EE5}.Release|iPhone.Build.0 = Release|Any CPU
		{989929AB-97A2-468A-A826-578D68604EE5}.Release|iPhone.Deploy.0 = Release|Any CPU
		{989929AB-97A2-468A-A826-578D68604EE5}.Release|iPhoneSimulator.ActiveCfg = Release|Any CPU
		{989929AB-97A2-468A-A826-578D68604EE5}.Release|iPhoneSimulator.Build.0 = Release|Any CPU
		{989929AB-97A2-468A-A826-578D68604EE5}.Release|iPhoneSimulator.Deploy.0 = Release|Any CPU
	EndGlobalSection
	GlobalSection(SolutionProperties) = preSolution
		HideSolutionNode = FALSE
	EndGlobalSection
	GlobalSection(ExtensibilityGlobals) = postSolution
		SolutionGuid = {A5C017F9-66E6-4153-B335-A0B391412E7A}
	EndGlobalSection
EndGlobal
